
Microsoft Visual Studio Solution File, Format Version 12.00
# Visual Studio Version 17
VisualStudioVersion = 17.8.34205.153
MinimumVisualStudioVersion = 10.0.40219.1
Project("{9A19103F-16F7-4668-BE54-9A1E7A4F7556}") = "dotMorten.Maui.AutoSuggestBox", "AutoSuggestBox\dotMorten.Maui.AutoSuggestBox.csproj", "{7FEC4E8D-44DE-4C7E-B1DF-47599211FE5F}"
EndProject
Project("{9A19103F-16F7-4668-BE54-9A1E7A4F7556}") = "SampleApp", "SampleApp\SampleApp.csproj", "{D4312837-CC29-4259-864B-37FC669CDE77}"
EndProject
Global
	GlobalSection(SolutionConfigurationPlatforms) = preSolution
		Debug|Any CPU = Debug|Any CPU
		Release|Any CPU = Release|Any CPU
	EndGlobalSection
	GlobalSection(ProjectConfigurationPlatforms) = postSolution
		{7FEC4E8D-44DE-4C7E-B1DF-47599211FE5F}.Debug|Any CPU.ActiveCfg = Debug|Any CPU
		{7FEC4E8D-44DE-4C7E-B1DF-47599211FE5F}.Debug|Any CPU.Build.0 = Debug|Any CPU
		{7FEC4E8D-44DE-4C7E-B1DF-47599211FE5F}.Release|Any CPU.ActiveCfg = Release|Any CPU
		{7FEC4E8D-44DE-4C7E-B1DF-47599211FE5F}.Release|Any CPU.Build.0 = Release|Any CPU
		{D4312837-CC29-4259-864B-37FC669CDE77}.Debug|Any CPU.ActiveCfg = Debug|Any CPU
		{D4312837-CC29-4259-864B-37FC669CDE77}.Debug|Any CPU.Build.0 = Debug|Any CPU
		{D4312837-CC29-4259-864B-37FC669CDE77}.Debug|Any CPU.Deploy.0 = Debug|Any CPU
		{D4312837-CC29-4259-864B-37FC669CDE77}.Release|Any CPU.ActiveCfg = Release|Any CPU
		{D4312837-CC29-4259-864B-37FC669CDE77}.Release|Any CPU.Build.0 = Release|Any CPU
		{D4312837-CC29-4259-864B-37FC669CDE77}.Release|Any CPU.Deploy.0 = Release|Any CPU
	EndGlobalSection
	GlobalSection(SolutionProperties) = preSolution
		HideSolutionNode = FALSE
	EndGlobalSection
	GlobalSection(ExtensibilityGlobals) = postSolution
		SolutionGuid = {B99664FD-9263-4691-9798-6F886B4A4A0E}
	EndGlobalSection
EndGlobal
